
Microsoft Visual Studio Solution File, Format Version 12.00
# Visual Studio Version 17
VisualStudioVersion = 17.5.33516.290
MinimumVisualStudioVersion = 10.0.40219.1
Project("{FAE04EC0-301F-11D3-BF4B-00C04F79EFBC}") = "CarServiceView", "CarServiceView\CarServiceView.csproj", "{CE48DFED-8FE8-43B5-A413-41E9A288E49F}"
EndProject
Project("{FAE04EC0-301F-11D3-BF4B-00C04F79EFBC}") = "CarServiceDataModels", "CarServiceDataModels\CarServiceDataModels.csproj", "{8C1CE03F-121F-4CB4-929D-57EB6053CAB3}"
EndProject
Project("{FAE04EC0-301F-11D3-BF4B-00C04F79EFBC}") = "CarServiceContracts", "CarServiceContracts\CarServiceContracts.csproj", "{0E3FE010-E966-42A2-B79D-70FE08026DA1}"
EndProject
Global
	GlobalSection(SolutionConfigurationPlatforms) = preSolution
		Debug|Any CPU = Debug|Any CPU
		Release|Any CPU = Release|Any CPU
	EndGlobalSection
	GlobalSection(ProjectConfigurationPlatforms) = postSolution
		{CE48DFED-8FE8-43B5-A413-41E9A288E49F}.Debug|Any CPU.ActiveCfg = Debug|Any CPU
		{CE48DFED-8FE8-43B5-A413-41E9A288E49F}.Debug|Any CPU.Build.0 = Debug|Any CPU
		{CE48DFED-8FE8-43B5-A413-41E9A288E49F}.Release|Any CPU.ActiveCfg = Release|Any CPU
		{CE48DFED-8FE8-43B5-A413-41E9A288E49F}.Release|Any CPU.Build.0 = Release|Any CPU
		{8C1CE03F-121F-4CB4-929D-57EB6053CAB3}.Debug|Any CPU.ActiveCfg = Debug|Any CPU
		{8C1CE03F-121F-4CB4-929D-57EB6053CAB3}.Debug|Any CPU.Build.0 = Debug|Any CPU
		{8C1CE03F-121F-4CB4-929D-57EB6053CAB3}.Release|Any CPU.ActiveCfg = Release|Any CPU
		{8C1CE03F-121F-4CB4-929D-57EB6053CAB3}.Release|Any CPU.Build.0 = Release|Any CPU
		{0E3FE010-E966-42A2-B79D-70FE08026DA1}.Debug|Any CPU.ActiveCfg = Debug|Any CPU
		{0E3FE010-E966-42A2-B79D-70FE08026DA1}.Debug|Any CPU.Build.0 = Debug|Any CPU
		{0E3FE010-E966-42A2-B79D-70FE08026DA1}.Release|Any CPU.ActiveCfg = Release|Any CPU
		{0E3FE010-E966-42A2-B79D-70FE08026DA1}.Release|Any CPU.Build.0 = Release|Any CPU
	EndGlobalSection
	GlobalSection(SolutionProperties) = preSolution
		HideSolutionNode = FALSE
	EndGlobalSection
	GlobalSection(ExtensibilityGlobals) = postSolution
		SolutionGuid = {AADB2BFD-695F-40A4-870B-ACBA5E349B57}
	EndGlobalSection
EndGlobal
